<Solution>
  <Folder Name="/ApiGateways/">
    <Project Path="ApiGateways/YarpApiGateway/YarpApiGateway.csproj" Id="a1328b98-1f73-4823-a52a-2263421eb09c" />
  </Folder>
  <Folder Name="/BuildingBlocks/">
    <Project Path="BuildingBlocks/BuildingBlocks.Messaging/BuildingBlocks.Messaging.csproj" Id="aea2eb2d-da80-4a55-bc6e-0ab1bfecaf89" />
    <Project Path="BuildingBlocks/BuildingBlocks/BuildingBlocks.csproj" Id="ca981395-bb5e-4256-b4d6-c6f3a27056d0" />
  </Folder>
  <Folder Name="/Services/" />
  <Folder Name="/Services/Basket/">
    <Project Path="Services/Basket/Baket.API/Baket.API.csproj" Id="2fa31cac-0ae1-4cdf-b131-692545881594" />
  </Folder>
  <Folder Name="/Services/Catalog/">
    <Project Path="Services/Catalog/Catalog.API/Catalog.API.csproj" />
  </Folder>
  <Folder Name="/Services/Discount/">
    <Project Path="Services/Discount/Discount.Grpc/Discount.Grpc.csproj" Id="17e82e4e-dbe8-4a7e-b748-2a5f60e61b40" />
  </Folder>
  <Folder Name="/Services/Identity/">
    <Project Path="Services/Identity/Identity.API/Identity.API.csproj" />
  </Folder>
  <Folder Name="/Services/Media/">
    <Project Path="Services/Media/Media.API/Media.API.csproj" />
  </Folder>
  <Folder Name="/Services/Ordering/">
    <Project Path="Services/Ordering/Ordering.API/Ordering.API.csproj" Id="78e320fb-ce4a-4f8e-a7a2-ed8315f78aaf" />
    <Project Path="Services/Ordering/Ordering.Application/Ordering.Application.csproj" Id="f9a276aa-dd97-4d91-b8af-3a11294e268c" />
    <Project Path="Services/Ordering/Ordering.Infrastructure/Ordering.Infrastructure.csproj" Id="e2f5d7ee-ea7c-44cc-b0b1-e330ffa3c42f" />
    <Project Path="Services/Ordering/OrderingDomain/OrderingDomain.csproj" Id="d24f5c9f-0ded-4862-b19e-748e8ef3c86f" />
  </Folder>
  <Folder Name="/WebApps/">
    <Project Path="WebApps/Shopping.Web/Shopping.Web.csproj" Id="6212b3cf-0946-4116-b297-033c8205870f" />
  </Folder>
  <Project Path="docker-compose.dcproj">
    <Build />
  </Project>
</Solution>
